
Microsoft Visual Studio Solution File, Format Version 12.00
# Visual Studio 15
VisualStudioVersion = 15.0.27703.2035
MinimumVisualStudioVersion = 10.0.40219.1
Project("{FAE04EC0-301F-11D3-BF4B-00C04F79EFBC}") = "CustomListProject", "CustomListProject\CustomListProject.csproj", "{74546947-7738-4AE6-A358-8B1E9BAE5E96}"
EndProject
Project("{FAE04EC0-301F-11D3-BF4B-00C04F79EFBC}") = "CustomList", "CustomList\CustomList.csproj", "{9D7DED10-D290-4E49-8193-785D781AF00A}"
EndProject
Global
	GlobalSection(SolutionConfigurationPlatforms) = preSolution
		Debug|Any CPU = Debug|Any CPU
		Release|Any CPU = Release|Any CPU
	EndGlobalSection
	GlobalSection(ProjectConfigurationPlatforms) = postSolution
		{74546947-7738-4AE6-A358-8B1E9BAE5E96}.Debug|Any CPU.ActiveCfg = Debug|Any CPU
		{74546947-7738-4AE6-A358-8B1E9BAE5E96}.Debug|Any CPU.Build.0 = Debug|Any CPU
		{74546947-7738-4AE6-A358-8B1E9BAE5E96}.Release|Any CPU.ActiveCfg = Release|Any CPU
		{74546947-7738-4AE6-A358-8B1E9BAE5E96}.Release|Any CPU.Build.0 = Release|Any CPU
		{9D7DED10-D290-4E49-8193-785D781AF00A}.Debug|Any CPU.ActiveCfg = Debug|Any CPU
		{9D7DED10-D290-4E49-8193-785D781AF00A}.Debug|Any CPU.Build.0 = Debug|Any CPU
		{9D7DED10-D290-4E49-8193-785D781AF00A}.Release|Any CPU.ActiveCfg = Release|Any CPU
		{9D7DED10-D290-4E49-8193-785D781AF00A}.Release|Any CPU.Build.0 = Release|Any CPU
	EndGlobalSection
	GlobalSection(SolutionProperties) = preSolution
		HideSolutionNode = FALSE
	EndGlobalSection
	GlobalSection(ExtensibilityGlobals) = postSolution
		SolutionGuid = {90661525-3E89-468B-84C4-A8281950E004}
	EndGlobalSection
EndGlobal
